{
  "requires": true,
  "lockfileVersion": 1,
  "dependencies": {
    "mobile-device-detect": {
      "version": "0.3.3",
      "resolved": "https://registry.npmjs.org/mobile-device-detect/-/mobile-device-detect-0.3.3.tgz",
      "integrity": "sha512-JOrQ2mwcBnEz/6hyvP/aXI8R03DnlwlQey7cukE6kCy9RLQbzchN5yMocEXuOw4NXdCsU6k7mEAolHwLxgPYwQ=="
    }
  }
}
